
Microsoft Visual Studio Solution File, Format Version 12.00
# Visual Studio Version 17
VisualStudioVersion = 17.4.33110.190
MinimumVisualStudioVersion = 10.0.40219.1
Project("{9A19103F-16F7-4668-BE54-9A1E7A4F7556}") = "ChainResponsability", "ChainResponsability\ChainResponsability.csproj", "{18B18209-98C6-4F65-8A17-417ECED1CF64}"
EndProject
Project("{9A19103F-16F7-4668-BE54-9A1E7A4F7556}") = "ChainResponsabilityContas", "ChainResponsabilityContas\ChainResponsabilityContas.csproj", "{0E5F1E9A-DB9F-4A57-AC4F-89FCA5BA498B}"
EndProject
Project("{9A19103F-16F7-4668-BE54-9A1E7A4F7556}") = "TemplateMethod", "..\..\Template Method\TemplateMethod\TemplateMethod.csproj", "{B01441DD-1A38-4ABD-8481-FE9780FAE502}"
EndProject
Project("{9A19103F-16F7-4668-BE54-9A1E7A4F7556}") = "Decorator", "..\..\Decorator\Decorator\Decorator\Decorator.csproj", "{044117E4-52A2-4D21-994C-8D32AA5F47F9}"
EndProject
Project("{FAE04EC0-301F-11D3-BF4B-00C04F79EFBC}") = "State", "..\..\State\State\State.csproj", "{9D6BB9CF-D6AD-4D23-A84F-CAFB49D29597}"
EndProject
Global
	GlobalSection(SolutionConfigurationPlatforms) = preSolution
		Debug|Any CPU = Debug|Any CPU
		Release|Any CPU = Release|Any CPU
	EndGlobalSection
	GlobalSection(ProjectConfigurationPlatforms) = postSolution
		{18B18209-98C6-4F65-8A17-417ECED1CF64}.Debug|Any CPU.ActiveCfg = Debug|Any CPU
		{18B18209-98C6-4F65-8A17-417ECED1CF64}.Debug|Any CPU.Build.0 = Debug|Any CPU
		{18B18209-98C6-4F65-8A17-417ECED1CF64}.Release|Any CPU.ActiveCfg = Release|Any CPU
		{18B18209-98C6-4F65-8A17-417ECED1CF64}.Release|Any CPU.Build.0 = Release|Any CPU
		{0E5F1E9A-DB9F-4A57-AC4F-89FCA5BA498B}.Debug|Any CPU.ActiveCfg = Debug|Any CPU
		{0E5F1E9A-DB9F-4A57-AC4F-89FCA5BA498B}.Debug|Any CPU.Build.0 = Debug|Any CPU
		{0E5F1E9A-DB9F-4A57-AC4F-89FCA5BA498B}.Release|Any CPU.ActiveCfg = Release|Any CPU
		{0E5F1E9A-DB9F-4A57-AC4F-89FCA5BA498B}.Release|Any CPU.Build.0 = Release|Any CPU
		{B01441DD-1A38-4ABD-8481-FE9780FAE502}.Debug|Any CPU.ActiveCfg = Debug|Any CPU
		{B01441DD-1A38-4ABD-8481-FE9780FAE502}.Debug|Any CPU.Build.0 = Debug|Any CPU
		{B01441DD-1A38-4ABD-8481-FE9780FAE502}.Release|Any CPU.ActiveCfg = Release|Any CPU
		{B01441DD-1A38-4ABD-8481-FE9780FAE502}.Release|Any CPU.Build.0 = Release|Any CPU
		{044117E4-52A2-4D21-994C-8D32AA5F47F9}.Debug|Any CPU.ActiveCfg = Debug|Any CPU
		{044117E4-52A2-4D21-994C-8D32AA5F47F9}.Debug|Any CPU.Build.0 = Debug|Any CPU
		{044117E4-52A2-4D21-994C-8D32AA5F47F9}.Release|Any CPU.ActiveCfg = Release|Any CPU
		{044117E4-52A2-4D21-994C-8D32AA5F47F9}.Release|Any CPU.Build.0 = Release|Any CPU
		{9D6BB9CF-D6AD-4D23-A84F-CAFB49D29597}.Debug|Any CPU.ActiveCfg = Debug|Any CPU
		{9D6BB9CF-D6AD-4D23-A84F-CAFB49D29597}.Debug|Any CPU.Build.0 = Debug|Any CPU
		{9D6BB9CF-D6AD-4D23-A84F-CAFB49D29597}.Release|Any CPU.ActiveCfg = Release|Any CPU
		{9D6BB9CF-D6AD-4D23-A84F-CAFB49D29597}.Release|Any CPU.Build.0 = Release|Any CPU
	EndGlobalSection
	GlobalSection(SolutionProperties) = preSolution
		HideSolutionNode = FALSE
	EndGlobalSection
	GlobalSection(ExtensibilityGlobals) = postSolution
		SolutionGuid = {E3A7E9E8-F561-4A48-8858-F546F350349F}
	EndGlobalSection
EndGlobal
